
Microsoft Visual Studio Solution File, Format Version 12.00
# Visual Studio Version 16
VisualStudioVersion = 16.0.29920.165
MinimumVisualStudioVersion = 10.0.40219.1
Project("{FAE04EC0-301F-11D3-BF4B-00C04F79EFBC}") = "Encodeous.Musii", "Encodeous.Musii\Encodeous.Musii.csproj", "{DEDBD65E-6D16-455E-8EA2-E2579F1A3A15}"
EndProject
Project("{FAE04EC0-301F-11D3-BF4B-00C04F79EFBC}") = "musii", "musii\musii.csproj", "{FD59CABB-3C64-4C31-8FFC-FF851AE4BAA3}"
EndProject
Global
	GlobalSection(SolutionConfigurationPlatforms) = preSolution
		Debug|Any CPU = Debug|Any CPU
		Release|Any CPU = Release|Any CPU
	EndGlobalSection
	GlobalSection(ProjectConfigurationPlatforms) = postSolution
		{DEDBD65E-6D16-455E-8EA2-E2579F1A3A15}.Debug|Any CPU.ActiveCfg = Debug|Any CPU
		{DEDBD65E-6D16-455E-8EA2-E2579F1A3A15}.Debug|Any CPU.Build.0 = Debug|Any CPU
		{DEDBD65E-6D16-455E-8EA2-E2579F1A3A15}.Release|Any CPU.ActiveCfg = Release|Any CPU
		{DEDBD65E-6D16-455E-8EA2-E2579F1A3A15}.Release|Any CPU.Build.0 = Release|Any CPU
		{FD59CABB-3C64-4C31-8FFC-FF851AE4BAA3}.Debug|Any CPU.ActiveCfg = Debug|Any CPU
		{FD59CABB-3C64-4C31-8FFC-FF851AE4BAA3}.Debug|Any CPU.Build.0 = Debug|Any CPU
		{FD59CABB-3C64-4C31-8FFC-FF851AE4BAA3}.Release|Any CPU.ActiveCfg = Release|Any CPU
		{FD59CABB-3C64-4C31-8FFC-FF851AE4BAA3}.Release|Any CPU.Build.0 = Release|Any CPU
	EndGlobalSection
	GlobalSection(SolutionProperties) = preSolution
		HideSolutionNode = FALSE
	EndGlobalSection
	GlobalSection(ExtensibilityGlobals) = postSolution
		SolutionGuid = {FEDEE22D-568D-462C-98E6-D6A39D10951E}
	EndGlobalSection
EndGlobal
